
Microsoft Visual Studio Solution File, Format Version 10.00
# Visual Studio 2008
Project("{FAE04EC0-301F-11D3-BF4B-00C04F79EFBC}") = "CashRegistryDomain", "CashRegistryDomain\CashRegistryDomain.csproj", "{67AE89AE-3F6A-495E-9C3F-8736150D9AB3}"
EndProject
Project("{FAE04EC0-301F-11D3-BF4B-00C04F79EFBC}") = "CashRegistryDomainTest", "CashRegistryDomainTest\CashRegistryDomainTest.csproj", "{2D2395E9-E026-4AF5-9074-2FD193DB4522}"
EndProject
Global
	GlobalSection(SolutionConfigurationPlatforms) = preSolution
		Debug|Any CPU = Debug|Any CPU
		Release|Any CPU = Release|Any CPU
	EndGlobalSection
	GlobalSection(ProjectConfigurationPlatforms) = postSolution
		{67AE89AE-3F6A-495E-9C3F-8736150D9AB3}.Debug|Any CPU.ActiveCfg = Debug|Any CPU
		{67AE89AE-3F6A-495E-9C3F-8736150D9AB3}.Debug|Any CPU.Build.0 = Debug|Any CPU
		{67AE89AE-3F6A-495E-9C3F-8736150D9AB3}.Release|Any CPU.ActiveCfg = Release|Any CPU
		{67AE89AE-3F6A-495E-9C3F-8736150D9AB3}.Release|Any CPU.Build.0 = Release|Any CPU
		{2D2395E9-E026-4AF5-9074-2FD193DB4522}.Debug|Any CPU.ActiveCfg = Debug|Any CPU
		{2D2395E9-E026-4AF5-9074-2FD193DB4522}.Debug|Any CPU.Build.0 = Debug|Any CPU
		{2D2395E9-E026-4AF5-9074-2FD193DB4522}.Release|Any CPU.ActiveCfg = Release|Any CPU
		{2D2395E9-E026-4AF5-9074-2FD193DB4522}.Release|Any CPU.Build.0 = Release|Any CPU
	EndGlobalSection
	GlobalSection(SolutionProperties) = preSolution
		HideSolutionNode = FALSE
	EndGlobalSection
EndGlobal
